// !$*UTF8*$!
{
	archiveVersion = 1;
	classes = {
	};
	objectVersion = 50;
	objects = {

/* Begin PBXBuildFile section */
		750D9F0E24A0B7FB006765E5 /* Grid.swift in Sources */ = {isa = PBXBuildFile; fileRef = 750D9F0D24A0B7FB006765E5 /* Grid.swift */; };
		750D9F1024A12465006765E5 /* GridLayout.swift in Sources */ = {isa = PBXBuildFile; fileRef = 750D9F0F24A12465006765E5 /* GridLayout.swift */; };
		750D9F1224A20DC0006765E5 /* Array+Identifiable.swift in Sources */ = {isa = PBXBuildFile; fileRef = 750D9F1124A20DC0006765E5 /* Array+Identifiable.swift */; };
		750D9F1424A34C97006765E5 /* Array+Only.swift in Sources */ = {isa = PBXBuildFile; fileRef = 750D9F1324A34C97006765E5 /* Array+Only.swift */; };
		752B785E249CC8B5002BF649 /* MemoryGame.swift in Sources */ = {isa = PBXBuildFile; fileRef = 752B785D249CC8B5002BF649 /* MemoryGame.swift */; };
		752B7860249D04D4002BF649 /* EmojiMemoryGame.swift in Sources */ = {isa = PBXBuildFile; fileRef = 752B785F249D04D4002BF649 /* EmojiMemoryGame.swift */; };
		7580C494249A8F9F004DB155 /* AppDelegate.swift in Sources */ = {isa = PBXBuildFile; fileRef = 7580C493249A8F9F004DB155 /* AppDelegate.swift */; };
		7580C496249A8F9F004DB155 /* SceneDelegate.swift in Sources */ = {isa = PBXBuildFile; fileRef = 7580C495249A8F9F004DB155 /* SceneDelegate.swift */; };
		7580C498249A8F9F004DB155 /* EmojiMemoryGameView.swift in Sources */ = {isa = PBXBuildFile; fileRef = 7580C497249A8F9F004DB155 /* EmojiMemoryGameView.swift */; };
		7580C49A249A8FA3004DB155 /* Assets.xcassets in Resources */ = {isa = PBXBuildFile; fileRef = 7580C499249A8FA3004DB155 /* Assets.xcassets */; };
		7580C49D249A8FA3004DB155 /* Preview Assets.xcassets in Resources */ = {isa = PBXBuildFile; fileRef = 7580C49C249A8FA3004DB155 /* Preview Assets.xcassets */; };
		7580C4A0249A8FA3004DB155 /* LaunchScreen.storyboard in Resources */ = {isa = PBXBuildFile; fileRef = 7580C49E249A8FA3004DB155 /* LaunchScreen.storyboard */; };
		7583B4DC24ACF44D00E51968 /* Pie.swift in Sources */ = {isa = PBXBuildFile; fileRef = 7583B4DB24ACF44D00E51968 /* Pie.swift */; };
		7583B4DE24ADF5AB00E51968 /* Cardify.swift in Sources */ = {isa = PBXBuildFile; fileRef = 7583B4DD24ADF5AB00E51968 /* Cardify.swift */; };
/* End PBXBuildFile section */

/* Begin PBXFileReference section */
		750D9F0D24A0B7FB006765E5 /* Grid.swift */ = {isa = PBXFileReference; lastKnownFileType = sourcecode.swift; path = Grid.swift; sourceTree = "<group>"; };
		750D9F0F24A12465006765E5 /* GridLayout.swift */ = {isa = PBXFileReference; lastKnownFileType = sourcecode.swift; path = GridLayout.swift; sourceTree = "<group>"; };
		750D9F1124A20DC0006765E5 /* Array+Identifiable.swift */ = {isa = PBXFileReference; lastKnownFileType = sourcecode.swift; path = "Array+Identifiable.swift"; sourceTree = "<group>"; };
		750D9F1324A34C97006765E5 /* Array+Only.swift */ = {isa = PBXFileReference; lastKnownFileType = sourcecode.swift; path = "Array+Only.swift"; sourceTree = "<group>"; };
		752B785D249CC8B5002BF649 /* MemoryGame.swift */ = {isa = PBXFileReference; lastKnownFileType = sourcecode.swift; path = MemoryGame.swift; sourceTree = "<group>"; };
		752B785F249D04D4002BF649 /* EmojiMemoryGame.swift */ = {isa = PBXFileReference; lastKnownFileType = sourcecode.swift; path = EmojiMemoryGame.swift; sourceTree = "<group>"; };
		7580C490249A8F9F004DB155 /* Memorize.app */ = {isa = PBXFileReference; explicitFileType = wrapper.application; includeInIndex = 0; path = Memorize.app; sourceTree = BUILT_PRODUCTS_DIR; };
		7580C493249A8F9F004DB155 /* AppDelegate.swift */ = {isa = PBXFileReference; lastKnownFileType = sourcecode.swift; path = AppDelegate.swift; sourceTree = "<group>"; };
		7580C495249A8F9F004DB155 /* SceneDelegate.swift */ = {isa = PBXFileReference; lastKnownFileType = sourcecode.swift; path = SceneDelegate.swift; sourceTree = "<group>"; };
		7580C497249A8F9F004DB155 /* EmojiMemoryGameView.swift */ = {isa = PBXFileReference; lastKnownFileType = sourcecode.swift; path = EmojiMemoryGameView.swift; sourceTree = "<group>"; };
		7580C499249A8FA3004DB155 /* Assets.xcassets */ = {isa = PBXFileReference; lastKnownFileType = folder.assetcatalog; path = Assets.xcassets; sourceTree = "<group>"; };
		7580C49C249A8FA3004DB155 /* Preview Assets.xcassets */ = {isa = PBXFileReference; lastKnownFileType = folder.assetcatalog; path = "Preview Assets.xcassets"; sourceTree = "<group>"; };
		7580C49F249A8FA3004DB155 /* Base */ = {isa = PBXFileReference; lastKnownFileType = file.storyboard; name = Base; path = Base.lproj/LaunchScreen.storyboard; sourceTree = "<group>"; };
		7580C4A1249A8FA3004DB155 /* Info.plist */ = {isa = PBXFileReference; lastKnownFileType = text.plist.xml; path = Info.plist; sourceTree = "<group>"; };
		7583B4DB24ACF44D00E51968 /* Pie.swift */ = {isa = PBXFileReference; lastKnownFileType = sourcecode.swift; path = Pie.swift; sourceTree = "<group>"; };
		7583B4DD24ADF5AB00E51968 /* Cardify.swift */ = {isa = PBXFileReference; lastKnownFileType = sourcecode.swift; path = Cardify.swift; sourceTree = "<group>"; };
/* End PBXFileReference section */

/* Begin PBXFrameworksBuildPhase section */
		7580C48D249A8F9F004DB155 /* Frameworks */ = {
			isa = PBXFrameworksBuildPhase;
			buildActionMask = 2147483647;
			files = (
			);
			runOnlyForDeploymentPostprocessing = 0;
		};
/* End PBXFrameworksBuildPhase section */

/* Begin PBXGroup section */
		7580C487249A8F9F004DB155 = {
			isa = PBXGroup;
			children = (
				7580C492249A8F9F004DB155 /* Memorize */,
				7580C491249A8F9F004DB155 /* Products */,
			);
			sourceTree = "<group>";
		};
		7580C491249A8F9F004DB155 /* Products */ = {
			isa = PBXGroup;
			children = (
				7580C490249A8F9F004DB155 /* Memorize.app */,
			);
			name = Products;
			sourceTree = "<group>";
		};
		7580C492249A8F9F004DB155 /* Memorize */ = {
			isa = PBXGroup;
			children = (
				7580C493249A8F9F004DB155 /* AppDelegate.swift */,
				7580C495249A8F9F004DB155 /* SceneDelegate.swift */,
				7580C497249A8F9F004DB155 /* EmojiMemoryGameView.swift */,
				7583B4DD24ADF5AB00E51968 /* Cardify.swift */,
				7583B4DB24ACF44D00E51968 /* Pie.swift */,
				750D9F0D24A0B7FB006765E5 /* Grid.swift */,
				750D9F1124A20DC0006765E5 /* Array+Identifiable.swift */,
				750D9F0F24A12465006765E5 /* GridLayout.swift */,
				752B785D249CC8B5002BF649 /* MemoryGame.swift */,
				750D9F1324A34C97006765E5 /* Array+Only.swift */,
				752B785F249D04D4002BF649 /* EmojiMemoryGame.swift */,
				7580C499249A8FA3004DB155 /* Assets.xcassets */,
				7580C49E249A8FA3004DB155 /* LaunchScreen.storyboard */,
				7580C4A1249A8FA3004DB155 /* Info.plist */,
				7580C49B249A8FA3004DB155 /* Preview Content */,
			);
			path = Memorize;
			sourceTree = "<group>";
		};
		7580C49B249A8FA3004DB155 /* Preview Content */ = {
			isa = PBXGroup;
			children = (
				7580C49C249A8FA3004DB155 /* Preview Assets.xcassets */,
			);
			path = "Preview Content";
			sourceTree = "<group>";
		};
/* End PBXGroup section */

/* Begin PBXNativeTarget section */
		7580C48F249A8F9F004DB155 /* Memorize */ = {
			isa = PBXNativeTarget;
			buildConfigurationList = 7580C4A4249A8FA3004DB155 /* Build configuration list for PBXNativeTarget "Memorize" */;
			buildPhases = (
				7580C48C249A8F9F004DB155 /* Sources */,
				7580C48D249A8F9F004DB155 /* Frameworks */,
				7580C48E249A8F9F004DB155 /* Resources */,
			);
			buildRules = (
			);
			dependencies = (
			);
			name = Memorize;
			productName = Memorize;
			productReference = 7580C490249A8F9F004DB155 /* Memorize.app */;
			productType = "com.apple.product-type.application";
		};
/* End PBXNativeTarget section */

/* Begin PBXProject section */
		7580C488249A8F9F004DB155 /* Project object */ = {
			isa = PBXProject;
			attributes = {
				LastSwiftUpdateCheck = 1120;
				LastUpgradeCheck = 1120;
				ORGANIZATIONNAME = Thana;
				TargetAttributes = {
					7580C48F249A8F9F004DB155 = {
						CreatedOnToolsVersion = 11.2.1;
					};
				};
			};
			buildConfigurationList = 7580C48B249A8F9F004DB155 /* Build configuration list for PBXProject "Memorize" */;
			compatibilityVersion = "Xcode 9.3";
			developmentRegion = en;
			hasScannedForEncodings = 0;
			knownRegions = (
				en,
				Base,
			);
			mainGroup = 7580C487249A8F9F004DB155;
			productRefGroup = 7580C491249A8F9F004DB155 /* Products */;
			projectDirPath = "";
			projectRoot = "";
			targets = (
				7580C48F249A8F9F004DB155 /* Memorize */,
			);
		};
/* End PBXProject section */

/* Begin PBXResourcesBuildPhase section */
		7580C48E249A8F9F004DB155 /* Resources */ = {
			isa = PBXResourcesBuildPhase;
			buildActionMask = 2147483647;
			files = (
				7580C4A0249A8FA3004DB155 /* LaunchScreen.storyboard in Resources */,
				7580C49D249A8FA3004DB155 /* Preview Assets.xcassets in Resources */,
				7580C49A249A8FA3004DB155 /* Assets.xcassets in Resources */,
			);
			runOnlyForDeploymentPostprocessing = 0;
		};
/* End PBXResourcesBuildPhase section */

/* Begin PBXSourcesBuildPhase section */
		7580C48C249A8F9F004DB155 /* Sources */ = {
			isa = PBXSourcesBuildPhase;
			buildActionMask = 2147483647;
			files = (
				7583B4DE24ADF5AB00E51968 /* Cardify.swift in Sources */,
				7580C494249A8F9F004DB155 /* AppDelegate.swift in Sources */,
				7580C496249A8F9F004DB155 /* SceneDelegate.swift in Sources */,
				752B785E249CC8B5002BF649 /* MemoryGame.swift in Sources */,
				750D9F1424A34C97006765E5 /* Array+Only.swift in Sources */,
				7580C498249A8F9F004DB155 /* EmojiMemoryGameView.swift in Sources */,
				7583B4DC24ACF44D00E51968 /* Pie.swift in Sources */,
				752B7860249D04D4002BF649 /* EmojiMemoryGame.swift in Sources */,
				750D9F1224A20DC0006765E5 /* Array+Identifiable.swift in Sources */,
				750D9F1024A12465006765E5 /* GridLayout.swift in Sources */,
				750D9F0E24A0B7FB006765E5 /* Grid.swift in Sources */,
			);
			runOnlyForDeploymentPostprocessing = 0;
		};
/* End PBXSourcesBuildPhase section */

/* Begin PBXVariantGroup section */
		7580C49E249A8FA3004DB155 /* LaunchScreen.storyboard */ = {
			isa = PBXVariantGroup;
			children = (
				7580C49F249A8FA3004DB155 /* Base */,
			);
			name = LaunchScreen.storyboard;
			sourceTree = "<group>";
		};
/* End PBXVariantGroup section */

/* Begin XCBuildConfiguration section */
		7580C4A2249A8FA3004DB155 /* Debug */ = {
			isa = XCBuildConfiguration;
			buildSettings = {
				ALWAYS_SEARCH_USER_PATHS = NO;
				CLANG_ANALYZER_NONNULL = YES;
				CLANG_ANALYZER_NUMBER_OBJECT_CONVERSION = YES_AGGRESSIVE;
				CLANG_CXX_LANGUAGE_STANDARD = "gnu++14";
				CLANG_CXX_LIBRARY = "libc++";
				CLANG_ENABLE_MODULES = YES;
				CLANG_ENABLE_OBJC_ARC = YES;
				CLANG_ENABLE_OBJC_WEAK = YES;
				CLANG_WARN_BLOCK_CAPTURE_AUTORELEASING = YES;
				CLANG_WARN_BOOL_CONVERSION = YES;
				CLANG_WARN_COMMA = YES;
				CLANG_WARN_CONSTANT_CONVERSION = YES;
				CLANG_WARN_DEPRECATED_OBJC_IMPLEMENTATIONS = YES;
				CLANG_WARN_DIRECT_OBJC_ISA_USAGE = YES_ERROR;
				CLANG_WARN_DOCUMENTATION_COMMENTS = YES;
				CLANG_WARN_EMPTY_BODY = YES;
				CLANG_WARN_ENUM_CONVERSION = YES;
				CLANG_WARN_INFINITE_RECURSION = YES;
				CLANG_WARN_INT_CONVERSION = YES;
				CLANG_WARN_NON_LITERAL_NULL_CONVERSION = YES;
				CLANG_WARN_OBJC_IMPLICIT_RETAIN_SELF = YES;
				CLANG_WARN_OBJC_LITERAL_CONVERSION = YES;
				CLANG_WARN_OBJC_ROOT_CLASS = YES_ERROR;
				CLANG_WARN_RANGE_LOOP_ANALYSIS = YES;
				CLANG_WARN_STRICT_PROTOTYPES = YES;
				CLANG_WARN_SUSPICIOUS_MOVE = YES;
				CLANG_WARN_UNGUARDED_AVAILABILITY = YES_AGGRESSIVE;
				CLANG_WARN_UNREACHABLE_CODE = YES;
				CLANG_WARN__DUPLICATE_METHOD_MATCH = YES;
				COPY_PHASE_STRIP = NO;
				DEBUG_INFORMATION_FORMAT = dwarf;
				ENABLE_STRICT_OBJC_MSGSEND = YES;
				ENABLE_TESTABILITY = YES;
				GCC_C_LANGUAGE_STANDARD = gnu11;
				GCC_DYNAMIC_NO_PIC = NO;
				GCC_NO_COMMON_BLOCKS = YES;
				GCC_OPTIMIZATION_LEVEL = 0;
				GCC_PREPROCESSOR_DEFINITIONS = (
					"DEBUG=1",
					"$(inherited)",
				);
				GCC_WARN_64_TO_32_BIT_CONVERSION = YES;
				GCC_WARN_ABOUT_RETURN_TYPE = YES_ERROR;
				GCC_WARN_UNDECLARED_SELECTOR = YES;
				GCC_WARN_UNINITIALIZED_AUTOS = YES_AGGRESSIVE;
				GCC_WARN_UNUSED_FUNCTION = YES;
				GCC_WARN_UNUSED_VARIABLE = YES;
				IPHONEOS_DEPLOYMENT_TARGET = 13.2;
				MTL_ENABLE_DEBUG_INFO = INCLUDE_SOURCE;
				MTL_FAST_MATH = YES;
				ONLY_ACTIVE_ARCH = YES;
				SDKROOT = iphoneos;
				SWIFT_ACTIVE_COMPILATION_CONDITIONS = DEBUG;
				SWIFT_OPTIMIZATION_LEVEL = "-Onone";
			};
			name = Debug;
		};
		7580C4A3249A8FA3004DB155 /* Release */ = {
			isa = XCBuildConfiguration;
			buildSettings = {
				ALWAYS_SEARCH_USER_PATHS = NO;
				CLANG_ANALYZER_NONNULL = YES;
				CLANG_ANALYZER_NUMBER_OBJECT_CONVERSION = YES_AGGRESSIVE;
				CLANG_CXX_LANGUAGE_STANDARD = "gnu++14";
				CLANG_CXX_LIBRARY = "libc++";
				CLANG_ENABLE_MODULES = YES;
				CLANG_ENABLE_OBJC_ARC = YES;
				CLANG_ENABLE_OBJC_WEAK = YES;
				CLANG_WARN_BLOCK_CAPTURE_AUTORELEASING = YES;
				CLANG_WARN_BOOL_CONVERSION = YES;
				CLANG_WARN_COMMA = YES;
				CLANG_WARN_CONSTANT_CONVERSION = YES;
				CLANG_WARN_DEPRECATED_OBJC_IMPLEMENTATIONS = YES;
				CLANG_WARN_DIRECT_OBJC_ISA_USAGE = YES_ERROR;
				CLANG_WARN_DOCUMENTATION_COMMENTS = YES;
				CLANG_WARN_EMPTY_BODY = YES;
				CLANG_WARN_ENUM_CONVERSION = YES;
				CLANG_WARN_INFINITE_RECURSION = YES;
				CLANG_WARN_INT_CONVERSION = YES;
				CLANG_WARN_NON_LITERAL_NULL_CONVERSION = YES;
				CLANG_WARN_OBJC_IMPLICIT_RETAIN_SELF = YES;
				CLANG_WARN_OBJC_LITERAL_CONVERSION = YES;
				CLANG_WARN_OBJC_ROOT_CLASS = YES_ERROR;
				CLANG_WARN_RANGE_LOOP_ANALYSIS = YES;
				CLANG_WARN_STRICT_PROTOTYPES = YES;
				CLANG_WARN_SUSPICIOUS_MOVE = YES;
				CLANG_WARN_UNGUARDED_AVAILABILITY = YES_AGGRESSIVE;
				CLANG_WARN_UNREACHABLE_CODE = YES;
				CLANG_WARN__DUPLICATE_METHOD_MATCH = YES;
				COPY_PHASE_STRIP = NO;
				DEBUG_INFORMATION_FORMAT = "dwarf-with-dsym";
				ENABLE_NS_ASSERTIONS = NO;
				ENABLE_STRICT_OBJC_MSGSEND = YES;
				GCC_C_LANGUAGE_STANDARD = gnu11;
				GCC_NO_COMMON_BLOCKS = YES;
				GCC_WARN_64_TO_32_BIT_CONVERSION = YES;
				GCC_WARN_ABOUT_RETURN_TYPE = YES_ERROR;
				GCC_WARN_UNDECLARED_SELECTOR = YES;
				GCC_WARN_UNINITIALIZED_AUTOS = YES_AGGRESSIVE;
				GCC_WARN_UNUSED_FUNCTION = YES;
				GCC_WARN_UNUSED_VARIABLE = YES;
				IPHONEOS_DEPLOYMENT_TARGET = 13.2;
				MTL_ENABLE_DEBUG_INFO = NO;
				MTL_FAST_MATH = YES;
				SDKROOT = iphoneos;
				SWIFT_COMPILATION_MODE = wholemodule;
				SWIFT_OPTIMIZATION_LEVEL = "-O";
				VALIDATE_PRODUCT = YES;
			};
			name = Release;
		};
		7580C4A5249A8FA3004DB155 /* Debug */ = {
			isa = XCBuildConfiguration;
			buildSettings = {
				ASSETCATALOG_COMPILER_APPICON_NAME = AppIcon;
				CODE_SIGN_STYLE = Automatic;
				DEVELOPMENT_ASSET_PATHS = "\"Memorize/Preview Content\"";
				ENABLE_PREVIEWS = YES;
				INFOPLIST_FILE = Memorize/Info.plist;
				LD_RUNPATH_SEARCH_PATHS = (
					"$(inherited)",
					"@executable_path/Frameworks",
				);
				PRODUCT_BUNDLE_IDENTIFIER = c.y.Memorize.Memorize;
				PRODUCT_NAME = "$(TARGET_NAME)";
				SWIFT_VERSION = 5.0;
				TARGETED_DEVICE_FAMILY = "1,2";
			};
			name = Debug;
		};
		7580C4A6249A8FA3004DB155 /* Release */ = {
			isa = XCBuildConfiguration;
			buildSettings = {
				ASSETCATALOG_COMPILER_APPICON_NAME = AppIcon;
				CODE_SIGN_STYLE = Automatic;
				DEVELOPMENT_ASSET_PATHS = "\"Memorize/Preview Content\"";
				ENABLE_PREVIEWS = YES;
				INFOPLIST_FILE = Memorize/Info.plist;
				LD_RUNPATH_SEARCH_PATHS = (
					"$(inherited)",
					"@executable_path/Frameworks",
				);
				PRODUCT_BUNDLE_IDENTIFIER = c.y.Memorize.Memorize;
				PRODUCT_NAME = "$(TARGET_NAME)";
				SWIFT_VERSION = 5.0;
				TARGETED_DEVICE_FAMILY = "1,2";
			};
			name = Release;
		};
/* End XCBuildConfiguration section */

/* Begin XCConfigurationList section */
		7580C48B249A8F9F004DB155 /* Build configuration list for PBXProject "Memorize" */ = {
			isa = XCConfigurationList;
			buildConfigurations = (
				7580C4A2249A8FA3004DB155 /* Debug */,
				7580C4A3249A8FA3004DB155 /* Release */,
			);
			defaultConfigurationIsVisible = 0;
			defaultConfigurationName = Release;
		};
		7580C4A4249A8FA3004DB155 /* Build configuration list for PBXNativeTarget "Memorize" */ = {
			isa = XCConfigurationList;
			buildConfigurations = (
				7580C4A5249A8FA3004DB155 /* Debug */,
				7580C4A6249A8FA3004DB155 /* Release */,
			);
			defaultConfigurationIsVisible = 0;
			defaultConfigurationName = Release;
		};
/* End XCConfigurationList section */
	};
	rootObject = 7580C488249A8F9F004DB155 /* Project object */;
}
